
Microsoft Visual Studio Solution File, Format Version 12.00
# Visual Studio Version 16
VisualStudioVersion = 16.0.29613.14
MinimumVisualStudioVersion = 10.0.40219.1
Project("{FAE04EC0-301F-11D3-BF4B-00C04F79EFBC}") = "Stacks_Non_Generic_And_Generic_Csharp_101", "Stacks_Non_Generic_And_Generic_Csharp_101\Stacks_Non_Generic_And_Generic_Csharp_101.csproj", "{A9D4DEBE-3A62-4A47-92B4-20FE9EBB3597}"
EndProject
Global
	GlobalSection(SolutionConfigurationPlatforms) = preSolution
		Debug|Any CPU = Debug|Any CPU
		Release|Any CPU = Release|Any CPU
	EndGlobalSection
	GlobalSection(ProjectConfigurationPlatforms) = postSolution
		{A9D4DEBE-3A62-4A47-92B4-20FE9EBB3597}.Debug|Any CPU.ActiveCfg = Debug|Any CPU
		{A9D4DEBE-3A62-4A47-92B4-20FE9EBB3597}.Debug|Any CPU.Build.0 = Debug|Any CPU
		{A9D4DEBE-3A62-4A47-92B4-20FE9EBB3597}.Release|Any CPU.ActiveCfg = Release|Any CPU
		{A9D4DEBE-3A62-4A47-92B4-20FE9EBB3597}.Release|Any CPU.Build.0 = Release|Any CPU
	EndGlobalSection
	GlobalSection(SolutionProperties) = preSolution
		HideSolutionNode = FALSE
	EndGlobalSection
	GlobalSection(ExtensibilityGlobals) = postSolution
		SolutionGuid = {88279D11-144F-4431-90ED-A0D086FA62ED}
	EndGlobalSection
EndGlobal
